
Microsoft Visual Studio Solution File, Format Version 12.00
# Visual Studio Version 17
VisualStudioVersion = 17.5.002.0
MinimumVisualStudioVersion = 10.0.40219.1
Project("{9A19103F-16F7-4668-BE54-9A1E7A4F7556}") = "MyRazorApp", "MyRazorApp\MyRazorApp.csproj", "{F818E96F-9EF2-45E2-ACBD-386F5470C2D2}"
EndProject
Global
	GlobalSection(SolutionConfigurationPlatforms) = preSolution
		Debug|Any CPU = Debug|Any CPU
		Release|Any CPU = Release|Any CPU
	EndGlobalSection
	GlobalSection(ProjectConfigurationPlatforms) = postSolution
		{F818E96F-9EF2-45E2-ACBD-386F5470C2D2}.Debug|Any CPU.ActiveCfg = Debug|Any CPU
		{F818E96F-9EF2-45E2-ACBD-386F5470C2D2}.Debug|Any CPU.Build.0 = Debug|Any CPU
		{F818E96F-9EF2-45E2-ACBD-386F5470C2D2}.Release|Any CPU.ActiveCfg = Release|Any CPU
		{F818E96F-9EF2-45E2-ACBD-386F5470C2D2}.Release|Any CPU.Build.0 = Release|Any CPU
	EndGlobalSection
	GlobalSection(SolutionProperties) = preSolution
		HideSolutionNode = FALSE
	EndGlobalSection
	GlobalSection(ExtensibilityGlobals) = postSolution
		SolutionGuid = {C627F55A-F032-4443-A82E-24806DB56A40}
	EndGlobalSection
EndGlobal
